// !$*UTF8*$!
{
	archiveVersion = 1;
	classes = {
	};
	objectVersion = 55;
	objects = {

/* Begin PBXBuildFile section */
		228E69FE281D131A00ECF4EB /* AppDelegate.swift in Sources */ = {isa = PBXBuildFile; fileRef = 228E69FD281D131A00ECF4EB /* AppDelegate.swift */; };
		228E6A00281D131A00ECF4EB /* SceneDelegate.swift in Sources */ = {isa = PBXBuildFile; fileRef = 228E69FF281D131A00ECF4EB /* SceneDelegate.swift */; };
		228E6A02281D131A00ECF4EB /* MainTabViewController.swift in Sources */ = {isa = PBXBuildFile; fileRef = 228E6A01281D131A00ECF4EB /* MainTabViewController.swift */; };
		228E6A07281D131D00ECF4EB /* Assets.xcassets in Resources */ = {isa = PBXBuildFile; fileRef = 228E6A06281D131D00ECF4EB /* Assets.xcassets */; };
		228E6A0A281D131D00ECF4EB /* LaunchScreen.storyboard in Resources */ = {isa = PBXBuildFile; fileRef = 228E6A08281D131D00ECF4EB /* LaunchScreen.storyboard */; };
		228E6A13281D1E5600ECF4EB /* HomeViewController.swift in Sources */ = {isa = PBXBuildFile; fileRef = 228E6A12281D1E5600ECF4EB /* HomeViewController.swift */; };
		228E6A15281D1E6800ECF4EB /* UpcomingViewController.swift in Sources */ = {isa = PBXBuildFile; fileRef = 228E6A14281D1E6800ECF4EB /* UpcomingViewController.swift */; };
		228E6A19281D1E8C00ECF4EB /* DownloadViewController.swift in Sources */ = {isa = PBXBuildFile; fileRef = 228E6A18281D1E8C00ECF4EB /* DownloadViewController.swift */; };
		228E6A23281D558200ECF4EB /* CollectionViewTableViewCell.swift in Sources */ = {isa = PBXBuildFile; fileRef = 228E6A22281D558200ECF4EB /* CollectionViewTableViewCell.swift */; };
		228E6A25281E562800ECF4EB /* HeroHeaderUIView.swift in Sources */ = {isa = PBXBuildFile; fileRef = 228E6A24281E562800ECF4EB /* HeroHeaderUIView.swift */; };
		229743F9282638180050836C /* TitleCollecCollectionViewCell.swift in Sources */ = {isa = PBXBuildFile; fileRef = 229743F8282638180050836C /* TitleCollecCollectionViewCell.swift */; };
		229743FC28263C410050836C /* SDWebImage in Frameworks */ = {isa = PBXBuildFile; productRef = 229743FB28263C410050836C /* SDWebImage */; };
		229743FE28263C410050836C /* SDWebImageMapKit in Frameworks */ = {isa = PBXBuildFile; productRef = 229743FD28263C410050836C /* SDWebImageMapKit */; };
		22974400282792290050836C /* TitleTableViewCell.swift in Sources */ = {isa = PBXBuildFile; fileRef = 229743FF282792290050836C /* TitleTableViewCell.swift */; };
		22974402282792C20050836C /* TitleViewModel.swift in Sources */ = {isa = PBXBuildFile; fileRef = 22974401282792C20050836C /* TitleViewModel.swift */; };
		229744062828E91B0050836C /* SearchResultsViewController.swift in Sources */ = {isa = PBXBuildFile; fileRef = 229744052828E91B0050836C /* SearchResultsViewController.swift */; };
		229744082828FB790050836C /* SearchViewController.swift in Sources */ = {isa = PBXBuildFile; fileRef = 229744072828FB790050836C /* SearchViewController.swift */; };
		2297440A282ABC2F0050836C /* YoutubeSearchResponse.swift in Sources */ = {isa = PBXBuildFile; fileRef = 22974409282ABC2F0050836C /* YoutubeSearchResponse.swift */; };
		22A6A00228250071005C3C98 /* Extensions.swift in Sources */ = {isa = PBXBuildFile; fileRef = 22A6A00128250071005C3C98 /* Extensions.swift */; };
		22F4AF3528212552003F63AE /* APICaller.swift in Sources */ = {isa = PBXBuildFile; fileRef = 22F4AF3428212552003F63AE /* APICaller.swift */; };
		22F4AF3728212C87003F63AE /* Title.swift in Sources */ = {isa = PBXBuildFile; fileRef = 22F4AF3628212C87003F63AE /* Title.swift */; };
/* End PBXBuildFile section */

/* Begin PBXFileReference section */
		228E69FA281D131A00ECF4EB /* NetflixClone.app */ = {isa = PBXFileReference; explicitFileType = wrapper.application; includeInIndex = 0; path = NetflixClone.app; sourceTree = BUILT_PRODUCTS_DIR; };
		228E69FD281D131A00ECF4EB /* AppDelegate.swift */ = {isa = PBXFileReference; lastKnownFileType = sourcecode.swift; path = AppDelegate.swift; sourceTree = "<group>"; };
		228E69FF281D131A00ECF4EB /* SceneDelegate.swift */ = {isa = PBXFileReference; lastKnownFileType = sourcecode.swift; path = SceneDelegate.swift; sourceTree = "<group>"; };
		228E6A01281D131A00ECF4EB /* MainTabViewController.swift */ = {isa = PBXFileReference; lastKnownFileType = sourcecode.swift; path = MainTabViewController.swift; sourceTree = "<group>"; };
		228E6A06281D131D00ECF4EB /* Assets.xcassets */ = {isa = PBXFileReference; lastKnownFileType = folder.assetcatalog; path = Assets.xcassets; sourceTree = "<group>"; };
		228E6A09281D131D00ECF4EB /* Base */ = {isa = PBXFileReference; lastKnownFileType = file.storyboard; name = Base; path = Base.lproj/LaunchScreen.storyboard; sourceTree = "<group>"; };
		228E6A0B281D131D00ECF4EB /* Info.plist */ = {isa = PBXFileReference; lastKnownFileType = text.plist.xml; path = Info.plist; sourceTree = "<group>"; };
		228E6A12281D1E5600ECF4EB /* HomeViewController.swift */ = {isa = PBXFileReference; lastKnownFileType = sourcecode.swift; path = HomeViewController.swift; sourceTree = "<group>"; };
		228E6A14281D1E6800ECF4EB /* UpcomingViewController.swift */ = {isa = PBXFileReference; lastKnownFileType = sourcecode.swift; path = UpcomingViewController.swift; sourceTree = "<group>"; };
		228E6A18281D1E8C00ECF4EB /* DownloadViewController.swift */ = {isa = PBXFileReference; lastKnownFileType = sourcecode.swift; path = DownloadViewController.swift; sourceTree = "<group>"; };
		228E6A22281D558200ECF4EB /* CollectionViewTableViewCell.swift */ = {isa = PBXFileReference; lastKnownFileType = sourcecode.swift; path = CollectionViewTableViewCell.swift; sourceTree = "<group>"; };
		228E6A24281E562800ECF4EB /* HeroHeaderUIView.swift */ = {isa = PBXFileReference; lastKnownFileType = sourcecode.swift; path = HeroHeaderUIView.swift; sourceTree = "<group>"; };
		229743F8282638180050836C /* TitleCollecCollectionViewCell.swift */ = {isa = PBXFileReference; lastKnownFileType = sourcecode.swift; path = TitleCollecCollectionViewCell.swift; sourceTree = "<group>"; };
		229743FF282792290050836C /* TitleTableViewCell.swift */ = {isa = PBXFileReference; lastKnownFileType = sourcecode.swift; path = TitleTableViewCell.swift; sourceTree = "<group>"; };
		22974401282792C20050836C /* TitleViewModel.swift */ = {isa = PBXFileReference; lastKnownFileType = sourcecode.swift; path = TitleViewModel.swift; sourceTree = "<group>"; };
		229744052828E91B0050836C /* SearchResultsViewController.swift */ = {isa = PBXFileReference; lastKnownFileType = sourcecode.swift; path = SearchResultsViewController.swift; sourceTree = "<group>"; };
		229744072828FB790050836C /* SearchViewController.swift */ = {isa = PBXFileReference; lastKnownFileType = sourcecode.swift; path = SearchViewController.swift; sourceTree = "<group>"; };
		22974409282ABC2F0050836C /* YoutubeSearchResponse.swift */ = {isa = PBXFileReference; lastKnownFileType = sourcecode.swift; path = YoutubeSearchResponse.swift; sourceTree = "<group>"; };
		22A6A00128250071005C3C98 /* Extensions.swift */ = {isa = PBXFileReference; lastKnownFileType = sourcecode.swift; path = Extensions.swift; sourceTree = "<group>"; };
		22F4AF3428212552003F63AE /* APICaller.swift */ = {isa = PBXFileReference; lastKnownFileType = sourcecode.swift; path = APICaller.swift; sourceTree = "<group>"; };
		22F4AF3628212C87003F63AE /* Title.swift */ = {isa = PBXFileReference; lastKnownFileType = sourcecode.swift; path = Title.swift; sourceTree = "<group>"; };
/* End PBXFileReference section */

/* Begin PBXFrameworksBuildPhase section */
		228E69F7281D131A00ECF4EB /* Frameworks */ = {
			isa = PBXFrameworksBuildPhase;
			buildActionMask = 2147483647;
			files = (
				229743FE28263C410050836C /* SDWebImageMapKit in Frameworks */,
				229743FC28263C410050836C /* SDWebImage in Frameworks */,
			);
			runOnlyForDeploymentPostprocessing = 0;
		};
/* End PBXFrameworksBuildPhase section */

/* Begin PBXGroup section */
		228E69F1281D131900ECF4EB = {
			isa = PBXGroup;
			children = (
				228E69FC281D131A00ECF4EB /* NetflixClone */,
				228E69FB281D131A00ECF4EB /* Products */,
			);
			sourceTree = "<group>";
		};
		228E69FB281D131A00ECF4EB /* Products */ = {
			isa = PBXGroup;
			children = (
				228E69FA281D131A00ECF4EB /* NetflixClone.app */,
			);
			name = Products;
			sourceTree = "<group>";
		};
		228E69FC281D131A00ECF4EB /* NetflixClone */ = {
			isa = PBXGroup;
			children = (
				228E6A20281D54C800ECF4EB /* Managerss */,
				228E6A1E281D543F00ECF4EB /* Resources */,
				228E6A1A281D53E500ECF4EB /* Models */,
				228E6A1D281D541100ECF4EB /* Views */,
				228E6A21281D551400ECF4EB /* ViewModels */,
				228E6A11281D1E1F00ECF4EB /* Controllers */,
				228E69FD281D131A00ECF4EB /* AppDelegate.swift */,
				228E69FF281D131A00ECF4EB /* SceneDelegate.swift */,
				228E6A06281D131D00ECF4EB /* Assets.xcassets */,
				228E6A08281D131D00ECF4EB /* LaunchScreen.storyboard */,
				228E6A0B281D131D00ECF4EB /* Info.plist */,
			);
			path = NetflixClone;
			sourceTree = "<group>";
		};
		228E6A11281D1E1F00ECF4EB /* Controllers */ = {
			isa = PBXGroup;
			children = (
				229744042828E8B80050836C /* Core */,
				2297440328279AF50050836C /* General */,
			);
			path = Controllers;
			sourceTree = "<group>";
		};
		228E6A1A281D53E500ECF4EB /* Models */ = {
			isa = PBXGroup;
			children = (
				22F4AF3628212C87003F63AE /* Title.swift */,
				22974409282ABC2F0050836C /* YoutubeSearchResponse.swift */,
			);
			path = Models;
			sourceTree = "<group>";
		};
		228E6A1D281D541100ECF4EB /* Views */ = {
			isa = PBXGroup;
			children = (
				228E6A22281D558200ECF4EB /* CollectionViewTableViewCell.swift */,
				229743FF282792290050836C /* TitleTableViewCell.swift */,
				228E6A24281E562800ECF4EB /* HeroHeaderUIView.swift */,
				229743F8282638180050836C /* TitleCollecCollectionViewCell.swift */,
			);
			path = Views;
			sourceTree = "<group>";
		};
		228E6A1E281D543F00ECF4EB /* Resources */ = {
			isa = PBXGroup;
			children = (
				22A6A00128250071005C3C98 /* Extensions.swift */,
			);
			path = Resources;
			sourceTree = "<group>";
		};
		228E6A20281D54C800ECF4EB /* Managerss */ = {
			isa = PBXGroup;
			children = (
				22F4AF3428212552003F63AE /* APICaller.swift */,
			);
			path = Managerss;
			sourceTree = "<group>";
		};
		228E6A21281D551400ECF4EB /* ViewModels */ = {
			isa = PBXGroup;
			children = (
				22974401282792C20050836C /* TitleViewModel.swift */,
			);
			path = ViewModels;
			sourceTree = "<group>";
		};
		2297440328279AF50050836C /* General */ = {
			isa = PBXGroup;
			children = (
				229744052828E91B0050836C /* SearchResultsViewController.swift */,
			);
			path = General;
			sourceTree = "<group>";
		};
		229744042828E8B80050836C /* Core */ = {
			isa = PBXGroup;
			children = (
				228E6A12281D1E5600ECF4EB /* HomeViewController.swift */,
				228E6A14281D1E6800ECF4EB /* UpcomingViewController.swift */,
				228E6A01281D131A00ECF4EB /* MainTabViewController.swift */,
				229744072828FB790050836C /* SearchViewController.swift */,
				228E6A18281D1E8C00ECF4EB /* DownloadViewController.swift */,
			);
			path = Core;
			sourceTree = "<group>";
		};
/* End PBXGroup section */

/* Begin PBXNativeTarget section */
		228E69F9281D131A00ECF4EB /* NetflixClone */ = {
			isa = PBXNativeTarget;
			buildConfigurationList = 228E6A0E281D131D00ECF4EB /* Build configuration list for PBXNativeTarget "NetflixClone" */;
			buildPhases = (
				228E69F6281D131A00ECF4EB /* Sources */,
				228E69F7281D131A00ECF4EB /* Frameworks */,
				228E69F8281D131A00ECF4EB /* Resources */,
			);
			buildRules = (
			);
			dependencies = (
			);
			name = NetflixClone;
			packageProductDependencies = (
				229743FB28263C410050836C /* SDWebImage */,
				229743FD28263C410050836C /* SDWebImageMapKit */,
			);
			productName = NetflixClone;
			productReference = 228E69FA281D131A00ECF4EB /* NetflixClone.app */;
			productType = "com.apple.product-type.application";
		};
/* End PBXNativeTarget section */

/* Begin PBXProject section */
		228E69F2281D131900ECF4EB /* Project object */ = {
			isa = PBXProject;
			attributes = {
				BuildIndependentTargetsInParallel = 1;
				LastSwiftUpdateCheck = 1330;
				LastUpgradeCheck = 1330;
				TargetAttributes = {
					228E69F9281D131A00ECF4EB = {
						CreatedOnToolsVersion = 13.3.1;
					};
				};
			};
			buildConfigurationList = 228E69F5281D131900ECF4EB /* Build configuration list for PBXProject "NetflixClone" */;
			compatibilityVersion = "Xcode 13.0";
			developmentRegion = en;
			hasScannedForEncodings = 0;
			knownRegions = (
				en,
				Base,
			);
			mainGroup = 228E69F1281D131900ECF4EB;
			packageReferences = (
				229743FA28263C410050836C /* XCRemoteSwiftPackageReference "SDWebImage" */,
			);
			productRefGroup = 228E69FB281D131A00ECF4EB /* Products */;
			projectDirPath = "";
			projectRoot = "";
			targets = (
				228E69F9281D131A00ECF4EB /* NetflixClone */,
			);
		};
/* End PBXProject section */

/* Begin PBXResourcesBuildPhase section */
		228E69F8281D131A00ECF4EB /* Resources */ = {
			isa = PBXResourcesBuildPhase;
			buildActionMask = 2147483647;
			files = (
				228E6A0A281D131D00ECF4EB /* LaunchScreen.storyboard in Resources */,
				228E6A07281D131D00ECF4EB /* Assets.xcassets in Resources */,
			);
			runOnlyForDeploymentPostprocessing = 0;
		};
/* End PBXResourcesBuildPhase section */

/* Begin PBXSourcesBuildPhase section */
		228E69F6281D131A00ECF4EB /* Sources */ = {
			isa = PBXSourcesBuildPhase;
			buildActionMask = 2147483647;
			files = (
				22974400282792290050836C /* TitleTableViewCell.swift in Sources */,
				228E6A02281D131A00ECF4EB /* MainTabViewController.swift in Sources */,
				228E6A23281D558200ECF4EB /* CollectionViewTableViewCell.swift in Sources */,
				22F4AF3528212552003F63AE /* APICaller.swift in Sources */,
				228E6A25281E562800ECF4EB /* HeroHeaderUIView.swift in Sources */,
				228E69FE281D131A00ECF4EB /* AppDelegate.swift in Sources */,
				228E6A19281D1E8C00ECF4EB /* DownloadViewController.swift in Sources */,
				22A6A00228250071005C3C98 /* Extensions.swift in Sources */,
				229744062828E91B0050836C /* SearchResultsViewController.swift in Sources */,
				228E6A00281D131A00ECF4EB /* SceneDelegate.swift in Sources */,
				229744082828FB790050836C /* SearchViewController.swift in Sources */,
				2297440A282ABC2F0050836C /* YoutubeSearchResponse.swift in Sources */,
				229743F9282638180050836C /* TitleCollecCollectionViewCell.swift in Sources */,
				228E6A15281D1E6800ECF4EB /* UpcomingViewController.swift in Sources */,
				22F4AF3728212C87003F63AE /* Title.swift in Sources */,
				228E6A13281D1E5600ECF4EB /* HomeViewController.swift in Sources */,
				22974402282792C20050836C /* TitleViewModel.swift in Sources */,
			);
			runOnlyForDeploymentPostprocessing = 0;
		};
/* End PBXSourcesBuildPhase section */

/* Begin PBXVariantGroup section */
		228E6A08281D131D00ECF4EB /* LaunchScreen.storyboard */ = {
			isa = PBXVariantGroup;
			children = (
				228E6A09281D131D00ECF4EB /* Base */,
			);
			name = LaunchScreen.storyboard;
			sourceTree = "<group>";
		};
/* End PBXVariantGroup section */

/* Begin XCBuildConfiguration section */
		228E6A0C281D131D00ECF4EB /* Debug */ = {
			isa = XCBuildConfiguration;
			buildSettings = {
				ALWAYS_SEARCH_USER_PATHS = NO;
				CLANG_ANALYZER_NONNULL = YES;
				CLANG_ANALYZER_NUMBER_OBJECT_CONVERSION = YES_AGGRESSIVE;
				CLANG_CXX_LANGUAGE_STANDARD = "gnu++17";
				CLANG_ENABLE_MODULES = YES;
				CLANG_ENABLE_OBJC_ARC = YES;
				CLANG_ENABLE_OBJC_WEAK = YES;
				CLANG_WARN_BLOCK_CAPTURE_AUTORELEASING = YES;
				CLANG_WARN_BOOL_CONVERSION = YES;
				CLANG_WARN_COMMA = YES;
				CLANG_WARN_CONSTANT_CONVERSION = YES;
				CLANG_WARN_DEPRECATED_OBJC_IMPLEMENTATIONS = YES;
				CLANG_WARN_DIRECT_OBJC_ISA_USAGE = YES_ERROR;
				CLANG_WARN_DOCUMENTATION_COMMENTS = YES;
				CLANG_WARN_EMPTY_BODY = YES;
				CLANG_WARN_ENUM_CONVERSION = YES;
				CLANG_WARN_INFINITE_RECURSION = YES;
				CLANG_WARN_INT_CONVERSION = YES;
				CLANG_WARN_NON_LITERAL_NULL_CONVERSION = YES;
				CLANG_WARN_OBJC_IMPLICIT_RETAIN_SELF = YES;
				CLANG_WARN_OBJC_LITERAL_CONVERSION = YES;
				CLANG_WARN_OBJC_ROOT_CLASS = YES_ERROR;
				CLANG_WARN_QUOTED_INCLUDE_IN_FRAMEWORK_HEADER = YES;
				CLANG_WARN_RANGE_LOOP_ANALYSIS = YES;
				CLANG_WARN_STRICT_PROTOTYPES = YES;
				CLANG_WARN_SUSPICIOUS_MOVE = YES;
				CLANG_WARN_UNGUARDED_AVAILABILITY = YES_AGGRESSIVE;
				CLANG_WARN_UNREACHABLE_CODE = YES;
				CLANG_WARN__DUPLICATE_METHOD_MATCH = YES;
				COPY_PHASE_STRIP = NO;
				DEBUG_INFORMATION_FORMAT = dwarf;
				ENABLE_STRICT_OBJC_MSGSEND = YES;
				ENABLE_TESTABILITY = YES;
				GCC_C_LANGUAGE_STANDARD = gnu11;
				GCC_DYNAMIC_NO_PIC = NO;
				GCC_NO_COMMON_BLOCKS = YES;
				GCC_OPTIMIZATION_LEVEL = 0;
				GCC_PREPROCESSOR_DEFINITIONS = (
					"DEBUG=1",
					"$(inherited)",
				);
				GCC_WARN_64_TO_32_BIT_CONVERSION = YES;
				GCC_WARN_ABOUT_RETURN_TYPE = YES_ERROR;
				GCC_WARN_UNDECLARED_SELECTOR = YES;
				GCC_WARN_UNINITIALIZED_AUTOS = YES_AGGRESSIVE;
				GCC_WARN_UNUSED_FUNCTION = YES;
				GCC_WARN_UNUSED_VARIABLE = YES;
				IPHONEOS_DEPLOYMENT_TARGET = 15.4;
				MTL_ENABLE_DEBUG_INFO = INCLUDE_SOURCE;
				MTL_FAST_MATH = YES;
				ONLY_ACTIVE_ARCH = YES;
				SDKROOT = iphoneos;
				SWIFT_ACTIVE_COMPILATION_CONDITIONS = DEBUG;
				SWIFT_OPTIMIZATION_LEVEL = "-Onone";
			};
			name = Debug;
		};
		228E6A0D281D131D00ECF4EB /* Release */ = {
			isa = XCBuildConfiguration;
			buildSettings = {
				ALWAYS_SEARCH_USER_PATHS = NO;
				CLANG_ANALYZER_NONNULL = YES;
				CLANG_ANALYZER_NUMBER_OBJECT_CONVERSION = YES_AGGRESSIVE;
				CLANG_CXX_LANGUAGE_STANDARD = "gnu++17";
				CLANG_ENABLE_MODULES = YES;
				CLANG_ENABLE_OBJC_ARC = YES;
				CLANG_ENABLE_OBJC_WEAK = YES;
				CLANG_WARN_BLOCK_CAPTURE_AUTORELEASING = YES;
				CLANG_WARN_BOOL_CONVERSION = YES;
				CLANG_WARN_COMMA = YES;
				CLANG_WARN_CONSTANT_CONVERSION = YES;
				CLANG_WARN_DEPRECATED_OBJC_IMPLEMENTATIONS = YES;
				CLANG_WARN_DIRECT_OBJC_ISA_USAGE = YES_ERROR;
				CLANG_WARN_DOCUMENTATION_COMMENTS = YES;
				CLANG_WARN_EMPTY_BODY = YES;
				CLANG_WARN_ENUM_CONVERSION = YES;
				CLANG_WARN_INFINITE_RECURSION = YES;
				CLANG_WARN_INT_CONVERSION = YES;
				CLANG_WARN_NON_LITERAL_NULL_CONVERSION = YES;
				CLANG_WARN_OBJC_IMPLICIT_RETAIN_SELF = YES;
				CLANG_WARN_OBJC_LITERAL_CONVERSION = YES;
				CLANG_WARN_OBJC_ROOT_CLASS = YES_ERROR;
				CLANG_WARN_QUOTED_INCLUDE_IN_FRAMEWORK_HEADER = YES;
				CLANG_WARN_RANGE_LOOP_ANALYSIS = YES;
				CLANG_WARN_STRICT_PROTOTYPES = YES;
				CLANG_WARN_SUSPICIOUS_MOVE = YES;
				CLANG_WARN_UNGUARDED_AVAILABILITY = YES_AGGRESSIVE;
				CLANG_WARN_UNREACHABLE_CODE = YES;
				CLANG_WARN__DUPLICATE_METHOD_MATCH = YES;
				COPY_PHASE_STRIP = NO;
				DEBUG_INFORMATION_FORMAT = "dwarf-with-dsym";
				ENABLE_NS_ASSERTIONS = NO;
				ENABLE_STRICT_OBJC_MSGSEND = YES;
				GCC_C_LANGUAGE_STANDARD = gnu11;
				GCC_NO_COMMON_BLOCKS = YES;
				GCC_WARN_64_TO_32_BIT_CONVERSION = YES;
				GCC_WARN_ABOUT_RETURN_TYPE = YES_ERROR;
				GCC_WARN_UNDECLARED_SELECTOR = YES;
				GCC_WARN_UNINITIALIZED_AUTOS = YES_AGGRESSIVE;
				GCC_WARN_UNUSED_FUNCTION = YES;
				GCC_WARN_UNUSED_VARIABLE = YES;
				IPHONEOS_DEPLOYMENT_TARGET = 15.4;
				MTL_ENABLE_DEBUG_INFO = NO;
				MTL_FAST_MATH = YES;
				SDKROOT = iphoneos;
				SWIFT_COMPILATION_MODE = wholemodule;
				SWIFT_OPTIMIZATION_LEVEL = "-O";
				VALIDATE_PRODUCT = YES;
			};
			name = Release;
		};
		228E6A0F281D131D00ECF4EB /* Debug */ = {
			isa = XCBuildConfiguration;
			buildSettings = {
				ASSETCATALOG_COMPILER_APPICON_NAME = AppIcon;
				ASSETCATALOG_COMPILER_GLOBAL_ACCENT_COLOR_NAME = AccentColor;
				CODE_SIGN_STYLE = Automatic;
				CURRENT_PROJECT_VERSION = 1;
				GENERATE_INFOPLIST_FILE = YES;
				INFOPLIST_FILE = NetflixClone/Info.plist;
				INFOPLIST_KEY_UIApplicationSupportsIndirectInputEvents = YES;
				INFOPLIST_KEY_UILaunchStoryboardName = LaunchScreen;
				INFOPLIST_KEY_UISupportedInterfaceOrientations_iPad = "UIInterfaceOrientationPortrait UIInterfaceOrientationPortraitUpsideDown UIInterfaceOrientationLandscapeLeft UIInterfaceOrientationLandscapeRight";
				INFOPLIST_KEY_UISupportedInterfaceOrientations_iPhone = "UIInterfaceOrientationPortrait UIInterfaceOrientationLandscapeLeft UIInterfaceOrientationLandscapeRight";
				LD_RUNPATH_SEARCH_PATHS = (
					"$(inherited)",
					"@executable_path/Frameworks",
				);
				MARKETING_VERSION = 1.0;
				PRODUCT_BUNDLE_IDENTIFIER = khasanov.NetflixClone;
				PRODUCT_NAME = "$(TARGET_NAME)";
				SWIFT_EMIT_LOC_STRINGS = YES;
				SWIFT_VERSION = 5.0;
				TARGETED_DEVICE_FAMILY = "1,2";
			};
			name = Debug;
		};
		228E6A10281D131D00ECF4EB /* Release */ = {
			isa = XCBuildConfiguration;
			buildSettings = {
				ASSETCATALOG_COMPILER_APPICON_NAME = AppIcon;
				ASSETCATALOG_COMPILER_GLOBAL_ACCENT_COLOR_NAME = AccentColor;
				CODE_SIGN_STYLE = Automatic;
				CURRENT_PROJECT_VERSION = 1;
				GENERATE_INFOPLIST_FILE = YES;
				INFOPLIST_FILE = NetflixClone/Info.plist;
				INFOPLIST_KEY_UIApplicationSupportsIndirectInputEvents = YES;
				INFOPLIST_KEY_UILaunchStoryboardName = LaunchScreen;
				INFOPLIST_KEY_UISupportedInterfaceOrientations_iPad = "UIInterfaceOrientationPortrait UIInterfaceOrientationPortraitUpsideDown UIInterfaceOrientationLandscapeLeft UIInterfaceOrientationLandscapeRight";
				INFOPLIST_KEY_UISupportedInterfaceOrientations_iPhone = "UIInterfaceOrientationPortrait UIInterfaceOrientationLandscapeLeft UIInterfaceOrientationLandscapeRight";
				LD_RUNPATH_SEARCH_PATHS = (
					"$(inherited)",
					"@executable_path/Frameworks",
				);
				MARKETING_VERSION = 1.0;
				PRODUCT_BUNDLE_IDENTIFIER = khasanov.NetflixClone;
				PRODUCT_NAME = "$(TARGET_NAME)";
				SWIFT_EMIT_LOC_STRINGS = YES;
				SWIFT_VERSION = 5.0;
				TARGETED_DEVICE_FAMILY = "1,2";
			};
			name = Release;
		};
/* End XCBuildConfiguration section */

/* Begin XCConfigurationList section */
		228E69F5281D131900ECF4EB /* Build configuration list for PBXProject "NetflixClone" */ = {
			isa = XCConfigurationList;
			buildConfigurations = (
				228E6A0C281D131D00ECF4EB /* Debug */,
				228E6A0D281D131D00ECF4EB /* Release */,
			);
			defaultConfigurationIsVisible = 0;
			defaultConfigurationName = Release;
		};
		228E6A0E281D131D00ECF4EB /* Build configuration list for PBXNativeTarget "NetflixClone" */ = {
			isa = XCConfigurationList;
			buildConfigurations = (
				228E6A0F281D131D00ECF4EB /* Debug */,
				228E6A10281D131D00ECF4EB /* Release */,
			);
			defaultConfigurationIsVisible = 0;
			defaultConfigurationName = Release;
		};
/* End XCConfigurationList section */

/* Begin XCRemoteSwiftPackageReference section */
		229743FA28263C410050836C /* XCRemoteSwiftPackageReference "SDWebImage" */ = {
			isa = XCRemoteSwiftPackageReference;
			repositoryURL = "https://github.com/SDWebImage/SDWebImage.git";
			requirement = {
				kind = upToNextMajorVersion;
				minimumVersion = 5.0.0;
			};
		};
/* End XCRemoteSwiftPackageReference section */

/* Begin XCSwiftPackageProductDependency section */
		229743FB28263C410050836C /* SDWebImage */ = {
			isa = XCSwiftPackageProductDependency;
			package = 229743FA28263C410050836C /* XCRemoteSwiftPackageReference "SDWebImage" */;
			productName = SDWebImage;
		};
		229743FD28263C410050836C /* SDWebImageMapKit */ = {
			isa = XCSwiftPackageProductDependency;
			package = 229743FA28263C410050836C /* XCRemoteSwiftPackageReference "SDWebImage" */;
			productName = SDWebImageMapKit;
		};
/* End XCSwiftPackageProductDependency section */
	};
	rootObject = 228E69F2281D131900ECF4EB /* Project object */;
}
